{
  "version": 4,
  "terraform_version": "0.12.16",
  "serial": 107,
  "lineage": "b37471cd-fdd5-b399-1acc-f20cc8f63820",
  "outputs": {
    "k8s-master-ips": {
      "value": "34.68.45.243",
      "type": "string"
    },
    "k8s-node-ips": {
      "value": "",
      "type": "string"
    }
  },
  "resources": [
    {
      "mode": "managed",
      "type": "google_compute_instance",
      "name": "k8s-master",
      "each": "list",
      "provider": "provider.google",
      "instances": [
        {
          "index_key": 0,
          "schema_version": 6,
          "attributes": {
            "allow_stopping_for_update": true,
            "attached_disk": [],
            "boot_disk": [
              {
                "auto_delete": true,
                "device_name": "persistent-disk-0",
                "disk_encryption_key_raw": "",
                "disk_encryption_key_sha256": "",
                "initialize_params": [
                  {
                    "image": "https://www.googleapis.com/compute/v1/projects/ubuntu-os-cloud/global/images/ubuntu-1804-bionic-v20191113",
                    "labels": {},
                    "size": 10,
                    "type": "pd-standard"
                  }
                ],
                "kms_key_self_link": "",
                "mode": "READ_WRITE",
                "source": "https://www.googleapis.com/compute/v1/projects/kube-cluster-259423/zones/us-central1-f/disks/k8s-master-0"
              }
            ],
            "can_ip_forward": false,
            "cpu_platform": "Intel Haswell",
            "deletion_protection": false,
            "description": "",
            "enable_display": false,
            "guest_accelerator": [],
            "hostname": "",
            "id": "projects/kube-cluster-259423/zones/us-central1-f/instances/k8s-master-0",
            "instance_id": "2476775541496358212",
            "label_fingerprint": "42WmSpB8rSM=",
            "labels": {},
            "machine_type": "f1-micro",
            "metadata": {
              "ssh-keys": "durell:ssh-rsa AAAAB3NzaC1yc2EAAAADAQABAAABAQC2piFhUGggE578vY/xNs2z9daJmOLkYAyA3Xv4bWazgaoWnTDWcmU0UPiT+Y/Wi63d0Lsi7J8z84dZBzIqMp4vOJ9ZcU8QxRpKfvJs6iOe99kqb9P4HWT6g3A/sVHp6oEZod9HZ3/hC9w/C+vHucQMaEjWhFv2tcbsfFguh9QtNCaWf6ALrC5Ah/9Axr4oQPF6K9aq8XBKqzyVjtQUc+GgsIISNBCyReNWWGYHoZV5thDDMoiJT4Z1sNHeKGS0wKUgPZaDH2iUZTZN5NKLy4W8Ju8kOcrt5JWMdbwe1gHjXGY52tDv9iaAAeqzby6lBcDmxbNWszSbSYbLW0QKegaX durell\n",
              "startup-script": "#!/bin/bash\nexport DEBIAN_FRONTEND=noninteractive\napt-get update\n"
            },
            "metadata_fingerprint": "HNxSAhWddmg=",
            "metadata_startup_script": null,
            "min_cpu_platform": "",
            "name": "k8s-master-0",
            "network_interface": [
              {
                "access_config": [
                  {
                    "nat_ip": "34.68.45.243",
                    "network_tier": "PREMIUM",
                    "public_ptr_domain_name": ""
                  }
                ],
                "alias_ip_range": [],
                "name": "nic0",
                "network": "https://www.googleapis.com/compute/v1/projects/kube-cluster-259423/global/networks/default",
                "network_ip": "10.128.0.15",
                "subnetwork": "https://www.googleapis.com/compute/v1/projects/kube-cluster-259423/regions/us-central1/subnetworks/default",
                "subnetwork_project": "kube-cluster-259423"
              }
            ],
            "project": "kube-cluster-259423",
            "scheduling": [
              {
                "automatic_restart": true,
                "node_affinities": [],
                "on_host_maintenance": "MIGRATE",
                "preemptible": false
              }
            ],
            "scratch_disk": [],
            "self_link": "https://www.googleapis.com/compute/v1/projects/kube-cluster-259423/zones/us-central1-f/instances/k8s-master-0",
            "service_account": [],
            "shielded_instance_config": [],
            "tags": [
              "master"
            ],
            "tags_fingerprint": "4y7qQ8dL1yM=",
            "timeouts": null,
            "zone": "us-central1-f"
          },
          "private": "eyJlMmJmYjczMC1lY2FhLTExZTYtOGY4OC0zNDM2M2JjN2M0YzAiOnsiY3JlYXRlIjoxMjAwMDAwMDAwMDAwLCJkZWxldGUiOjEyMDAwMDAwMDAwMDAsInVwZGF0ZSI6MTIwMDAwMDAwMDAwMH0sInNjaGVtYV92ZXJzaW9uIjoiNiJ9"
        }
      ]
    },
    {
      "mode": "managed",
      "type": "google_compute_instance",
      "name": "k8s-node",
      "each": "list",
      "provider": "provider.google",
      "instances": []
    },
    {
      "mode": "managed",
      "type": "null_resource",
      "name": "ansible-provision",
      "provider": "provider.null",
      "instances": [
        {
          "schema_version": 0,
          "attributes": {
            "id": "1392742861202379601",
            "triggers": null
          },
          "private": "bnVsbA==",
          "dependencies": [
            "google_compute_instance.k8s-master"
          ]
        }
      ]
    }
  ]
}
